
Microsoft Visual Studio Solution File, Format Version 10.00
# Visual Studio 2008
Project("{FAE04EC0-301F-11D3-BF4B-00C04F79EFBC}") = "CruiseDAL_CF20", "CruiseDAL\CruiseDAL_CF20.csproj", "{DC8A4894-F4A8-4554-B475-2EBAD49AF148}"
EndProject
Project("{2150E333-8FDC-42A3-9474-1A3956D46DE8}") = "Solution Items", "Solution Items", "{770A329F-9981-40B5-8AD1-85C573421463}"
	ProjectSection(SolutionItems) = preProject
		CruiseDAL2.vsmdi = CruiseDAL2.vsmdi
		LocalTestRun.testrunconfig = LocalTestRun.testrunconfig
	EndProjectSection
EndProject
Project("{FAE04EC0-301F-11D3-BF4B-00C04F79EFBC}") = "FMSC.ORM.NetCF20", "FMSC.ORM\FMSC.ORM.NetCF20.csproj", "{D346BFEA-85A0-4A5D-BD89-D07E073B065E}"
EndProject
Project("{FAE04EC0-301F-11D3-BF4B-00C04F79EFBC}") = "FMSC.ORM.Test.NetCF", "FMSC.ORM.Test.NetCF\FMSC.ORM.Test.NetCF.csproj", "{34C83D8F-D1D7-4B53-AA9F-5C2CF809CEBA}"
EndProject
Global
	GlobalSection(SolutionConfigurationPlatforms) = preSolution
		Debug|Any CPU = Debug|Any CPU
		Release|Any CPU = Release|Any CPU
	EndGlobalSection
	GlobalSection(ProjectConfigurationPlatforms) = postSolution
		{DC8A4894-F4A8-4554-B475-2EBAD49AF148}.Debug|Any CPU.ActiveCfg = Debug|Any CPU
		{DC8A4894-F4A8-4554-B475-2EBAD49AF148}.Debug|Any CPU.Build.0 = Debug|Any CPU
		{DC8A4894-F4A8-4554-B475-2EBAD49AF148}.Release|Any CPU.ActiveCfg = Release|Any CPU
		{DC8A4894-F4A8-4554-B475-2EBAD49AF148}.Release|Any CPU.Build.0 = Release|Any CPU
		{D346BFEA-85A0-4A5D-BD89-D07E073B065E}.Debug|Any CPU.ActiveCfg = Debug|Any CPU
		{D346BFEA-85A0-4A5D-BD89-D07E073B065E}.Debug|Any CPU.Build.0 = Debug|Any CPU
		{D346BFEA-85A0-4A5D-BD89-D07E073B065E}.Release|Any CPU.ActiveCfg = Release|Any CPU
		{D346BFEA-85A0-4A5D-BD89-D07E073B065E}.Release|Any CPU.Build.0 = Release|Any CPU
		{34C83D8F-D1D7-4B53-AA9F-5C2CF809CEBA}.Debug|Any CPU.ActiveCfg = Debug|Any CPU
		{34C83D8F-D1D7-4B53-AA9F-5C2CF809CEBA}.Debug|Any CPU.Build.0 = Debug|Any CPU
		{34C83D8F-D1D7-4B53-AA9F-5C2CF809CEBA}.Debug|Any CPU.Deploy.0 = Debug|Any CPU
		{34C83D8F-D1D7-4B53-AA9F-5C2CF809CEBA}.Release|Any CPU.ActiveCfg = Release|Any CPU
		{34C83D8F-D1D7-4B53-AA9F-5C2CF809CEBA}.Release|Any CPU.Build.0 = Release|Any CPU
		{34C83D8F-D1D7-4B53-AA9F-5C2CF809CEBA}.Release|Any CPU.Deploy.0 = Release|Any CPU
	EndGlobalSection
	GlobalSection(SolutionProperties) = preSolution
		HideSolutionNode = FALSE
	EndGlobalSection
	GlobalSection(SubversionScc) = preSolution
		Svn-Managed = True
		Manager = AnkhSVN - Subversion Support for Visual Studio
	EndGlobalSection
EndGlobal
