
Microsoft Visual Studio Solution File, Format Version 12.00
# Visual Studio Version 16
VisualStudioVersion = 16.0.28917.181
MinimumVisualStudioVersion = 10.0.40219.1
Project("{9A19103F-16F7-4668-BE54-9A1E7A4F7556}") = "CruiseDAL.Core", "CruiseDAL.Core\CruiseDAL.Core.csproj", "{18E03183-FD2C-4676-B40C-ABCB5FC65E90}"
EndProject
Project("{9A19103F-16F7-4668-BE54-9A1E7A4F7556}") = "FMSC.ORM", "FMSC.ORM\FMSC.ORM.csproj", "{05B23426-797F-46B5-B376-5111BFD779DC}"
EndProject
Project("{9A19103F-16F7-4668-BE54-9A1E7A4F7556}") = "FMSC.ORM.Test", "FMSC.ORM.Test\FMSC.ORM.Test.csproj", "{BE45AC61-FA51-431A-AC8A-C1B16D73F276}"
EndProject
Project("{9A19103F-16F7-4668-BE54-9A1E7A4F7556}") = "CruiseDAL.Core.Tests", "CruiseDAL.Core.Test\CruiseDAL.Core.Tests.csproj", "{886A3CDF-FD6E-4D0E-8D05-8884DC11D877}"
EndProject
Project("{9A19103F-16F7-4668-BE54-9A1E7A4F7556}") = "FMSC.ORM.Test.Android", "FMSC.ORM.Test.Android\FMSC.ORM.Test.Android.csproj", "{C94C17D1-7837-4E51-94BC-336D119DC164}"
EndProject
Project("{9A19103F-16F7-4668-BE54-9A1E7A4F7556}") = "FMSC.ORM.ModelGenerator", "FMSC.ORM.ModelGenerator\FMSC.ORM.ModelGenerator.csproj", "{33424C7B-661A-4C50-949C-75015B35B3B1}"
EndProject
Project("{2150E333-8FDC-42A3-9474-1A3956D46DE8}") = "Solution Items", "Solution Items", "{297B19EA-5FA9-4EB1-8638-519B5EDA1EC1}"
	ProjectSection(SolutionItems) = preProject
		Build.cmd = Build.cmd
		Directory.Build.props = Directory.Build.props
		GenerateV3Models.bat = GenerateV3Models.bat
		NuGet.config = NuGet.config
		Pack.cmd = Pack.cmd
		..\README.md = ..\README.md
		Test.cmd = Test.cmd
		xunit.runner.json = xunit.runner.json
	EndProjectSection
EndProject
Project("{9A19103F-16F7-4668-BE54-9A1E7A4F7556}") = "FMSC.ORM.ModelGenerator.Test", "FMSC.ORM.ModelGenerator.Test\FMSC.ORM.ModelGenerator.Test.csproj", "{E4D58DE4-25B5-4FC4-8D72-860BD5B9D4B7}"
EndProject
Project("{9A19103F-16F7-4668-BE54-9A1E7A4F7556}") = "CruiseDAL.V3.Models", "CruiseDAL.V3.Models\CruiseDAL.V3.Models.csproj", "{4BEEC9E4-FFFC-48DD-9416-2F0FF0736890}"
EndProject
Project("{9A19103F-16F7-4668-BE54-9A1E7A4F7556}") = "CruiseDAL.V2", "CruiseDAL.V2\CruiseDAL.V2.csproj", "{43D19B66-8DBA-4B5A-80F3-2FD3B92C5628}"
EndProject
Project("{9A19103F-16F7-4668-BE54-9A1E7A4F7556}") = "CruiseDAL.V2.Test", "CruiseDAL.V2.Test\CruiseDAL.V2.Test.csproj", "{00AE3E67-F599-4674-9BEE-261A027600F7}"
EndProject
Project("{9A19103F-16F7-4668-BE54-9A1E7A4F7556}") = "CruiseDAL.V3", "CruiseDAL.V3\CruiseDAL.V3.csproj", "{A9AEA5E0-5272-4939-B610-69CE96C2B08F}"
EndProject
Project("{9A19103F-16F7-4668-BE54-9A1E7A4F7556}") = "CruiseDAL.V3.Test", "CruiseDAL.V3.Test\CruiseDAL.V3.Test.csproj", "{73D6BED5-4A9E-4AE8-BEAD-1CF43EEF9BE1}"
EndProject
Project("{9A19103F-16F7-4668-BE54-9A1E7A4F7556}") = "CruiseDAL.V2.Models", "CruiseDAL.V2.Models\CruiseDAL.V2.Models.csproj", "{F0253C27-E167-419B-994E-CEA20608CA01}"
EndProject
Project("{9A19103F-16F7-4668-BE54-9A1E7A4F7556}") = "CruiseDAL.V3.Sync", "CruiseDAL.V3.Sync\CruiseDAL.V3.Sync.csproj", "{F18B555B-B06F-446E-9FB9-4671A614F7B4}"
EndProject
Project("{9A19103F-16F7-4668-BE54-9A1E7A4F7556}") = "CruiseDAL.V3.Sync.Test", "CruiseDAL.V3.Sync.Test\CruiseDAL.V3.Sync.Test.csproj", "{1087653E-18DA-467C-9071-073332B8B76B}"
EndProject
Project("{9A19103F-16F7-4668-BE54-9A1E7A4F7556}") = "CruiseCLI", "CruiseCLI\CruiseCLI.csproj", "{015496DA-627F-4C56-9309-460AC8D2BEDB}"
EndProject
Project("{9A19103F-16F7-4668-BE54-9A1E7A4F7556}") = "CruiseDAL.V3.UpConvert", "CruiseDAL.V3.UpConvert\CruiseDAL.V3.UpConvert.csproj", "{8756BA52-B20D-4A74-A700-F07CAF7B8F4C}"
EndProject
Project("{9A19103F-16F7-4668-BE54-9A1E7A4F7556}") = "CruiseDAL.V3.UpConvert.Test", "CruiseDAL.V3.UpConvert.Test\CruiseDAL.V3.UpConvert.Test.csproj", "{8D9A8067-486E-468D-BF6C-A44E695B0F90}"
EndProject
Project("{9A19103F-16F7-4668-BE54-9A1E7A4F7556}") = "CruiseDAL.V3.DownConvert", "CruiseDAL.V3.DownConvert\CruiseDAL.V3.DownConvert.csproj", "{37E44AC7-A426-4411-BDF6-F45C1DF012B2}"
EndProject
Project("{9A19103F-16F7-4668-BE54-9A1E7A4F7556}") = "CruiseDAL.V3.DownConvert.Test", "CruiseDAL.V3.DownConvert.Test\CruiseDAL.V3.DownConvert.Test.csproj", "{A646FF3F-C530-4BDD-B9AF-CC86F875CEB3}"
EndProject
Project("{D954291E-2A0B-460D-934E-DC6B0785DB48}") = "CruiseDAL.TestCommon", "CruiseDAL.TestCommon\CruiseDAL.TestCommon.shproj", "{75A64B8F-D90D-42AF-AB17-96B35C4DF788}"
EndProject
Project("{D954291E-2A0B-460D-934E-DC6B0785DB48}") = "CruiseDAL.TestCommon.V3", "CruiseDAL.TestCommon.V3\CruiseDAL.TestCommon.V3.shproj", "{ED86A10A-9D11-4DCB-9D72-196C8732D3B2}"
EndProject
Project("{2150E333-8FDC-42A3-9474-1A3956D46DE8}") = "Tests", "Tests", "{50484533-C2FF-4C4F-B71C-3BFCFA1DAC59}"
EndProject
Project("{D954291E-2A0B-460D-934E-DC6B0785DB48}") = "CruiseDAL.TestCommon.V2", "CruiseDAL.TestCommon.V2\CruiseDAL.TestCommon.V2.shproj", "{884F964B-0730-4A36-AEAC-6E4034070C8C}"
EndProject
Global
	GlobalSection(SharedMSBuildProjectFiles) = preSolution
		CruiseDAL.TestCommon\CruiseDAL.TestCommon.projitems*{00ae3e67-f599-4674-9bee-261a027600f7}*SharedItemsImports = 5
		CruiseDAL.TestCommon.V3\CruiseDAL.TestCommon.V3.projitems*{73d6bed5-4a9e-4ae8-bead-1cf43eef9be1}*SharedItemsImports = 5
		CruiseDAL.TestCommon\CruiseDAL.TestCommon.projitems*{73d6bed5-4a9e-4ae8-bead-1cf43eef9be1}*SharedItemsImports = 5
		CruiseDAL.TestCommon\CruiseDAL.TestCommon.projitems*{75a64b8f-d90d-42af-ab17-96b35c4df788}*SharedItemsImports = 13
		CruiseDAL.TestCommon.V2\CruiseDAL.TestCommon.V2.projitems*{884f964b-0730-4a36-aeac-6e4034070c8c}*SharedItemsImports = 13
		CruiseDAL.TestCommon\CruiseDAL.TestCommon.projitems*{886a3cdf-fd6e-4d0e-8d05-8884dc11d877}*SharedItemsImports = 5
		CruiseDAL.TestCommon.V2\CruiseDAL.TestCommon.V2.projitems*{8d9a8067-486e-468d-bf6c-a44e695b0f90}*SharedItemsImports = 5
		CruiseDAL.TestCommon.V3\CruiseDAL.TestCommon.V3.projitems*{8d9a8067-486e-468d-bf6c-a44e695b0f90}*SharedItemsImports = 5
		CruiseDAL.TestCommon\CruiseDAL.TestCommon.projitems*{8d9a8067-486e-468d-bf6c-a44e695b0f90}*SharedItemsImports = 5
		CruiseDAL.TestCommon.V3\CruiseDAL.TestCommon.V3.projitems*{a646ff3f-c530-4bdd-b9af-cc86f875ceb3}*SharedItemsImports = 5
		CruiseDAL.TestCommon\CruiseDAL.TestCommon.projitems*{a646ff3f-c530-4bdd-b9af-cc86f875ceb3}*SharedItemsImports = 5
		CruiseDAL.TestCommon.V3\CruiseDAL.TestCommon.V3.projitems*{ed86a10a-9d11-4dcb-9d72-196c8732d3b2}*SharedItemsImports = 13
	EndGlobalSection
	GlobalSection(SolutionConfigurationPlatforms) = preSolution
		Debug|Any CPU = Debug|Any CPU
		Legacy|Any CPU = Legacy|Any CPU
		Release|Any CPU = Release|Any CPU
	EndGlobalSection
	GlobalSection(ProjectConfigurationPlatforms) = postSolution
		{18E03183-FD2C-4676-B40C-ABCB5FC65E90}.Debug|Any CPU.ActiveCfg = Debug|Any CPU
		{18E03183-FD2C-4676-B40C-ABCB5FC65E90}.Debug|Any CPU.Build.0 = Debug|Any CPU
		{18E03183-FD2C-4676-B40C-ABCB5FC65E90}.Legacy|Any CPU.ActiveCfg = Release|Any CPU
		{18E03183-FD2C-4676-B40C-ABCB5FC65E90}.Legacy|Any CPU.Build.0 = Release|Any CPU
		{18E03183-FD2C-4676-B40C-ABCB5FC65E90}.Release|Any CPU.ActiveCfg = Release|Any CPU
		{18E03183-FD2C-4676-B40C-ABCB5FC65E90}.Release|Any CPU.Build.0 = Release|Any CPU
		{05B23426-797F-46B5-B376-5111BFD779DC}.Debug|Any CPU.ActiveCfg = Debug|Any CPU
		{05B23426-797F-46B5-B376-5111BFD779DC}.Debug|Any CPU.Build.0 = Debug|Any CPU
		{05B23426-797F-46B5-B376-5111BFD779DC}.Legacy|Any CPU.ActiveCfg = Release|Any CPU
		{05B23426-797F-46B5-B376-5111BFD779DC}.Legacy|Any CPU.Build.0 = Release|Any CPU
		{05B23426-797F-46B5-B376-5111BFD779DC}.Release|Any CPU.ActiveCfg = Release|Any CPU
		{05B23426-797F-46B5-B376-5111BFD779DC}.Release|Any CPU.Build.0 = Release|Any CPU
		{BE45AC61-FA51-431A-AC8A-C1B16D73F276}.Debug|Any CPU.ActiveCfg = Debug|Any CPU
		{BE45AC61-FA51-431A-AC8A-C1B16D73F276}.Debug|Any CPU.Build.0 = Debug|Any CPU
		{BE45AC61-FA51-431A-AC8A-C1B16D73F276}.Legacy|Any CPU.ActiveCfg = Release|Any CPU
		{BE45AC61-FA51-431A-AC8A-C1B16D73F276}.Legacy|Any CPU.Build.0 = Release|Any CPU
		{BE45AC61-FA51-431A-AC8A-C1B16D73F276}.Release|Any CPU.ActiveCfg = Release|Any CPU
		{BE45AC61-FA51-431A-AC8A-C1B16D73F276}.Release|Any CPU.Build.0 = Release|Any CPU
		{886A3CDF-FD6E-4D0E-8D05-8884DC11D877}.Debug|Any CPU.ActiveCfg = Debug|Any CPU
		{886A3CDF-FD6E-4D0E-8D05-8884DC11D877}.Debug|Any CPU.Build.0 = Debug|Any CPU
		{886A3CDF-FD6E-4D0E-8D05-8884DC11D877}.Legacy|Any CPU.ActiveCfg = Release|Any CPU
		{886A3CDF-FD6E-4D0E-8D05-8884DC11D877}.Legacy|Any CPU.Build.0 = Release|Any CPU
		{886A3CDF-FD6E-4D0E-8D05-8884DC11D877}.Release|Any CPU.ActiveCfg = Release|Any CPU
		{886A3CDF-FD6E-4D0E-8D05-8884DC11D877}.Release|Any CPU.Build.0 = Release|Any CPU
		{C94C17D1-7837-4E51-94BC-336D119DC164}.Debug|Any CPU.ActiveCfg = Debug|Any CPU
		{C94C17D1-7837-4E51-94BC-336D119DC164}.Debug|Any CPU.Build.0 = Debug|Any CPU
		{C94C17D1-7837-4E51-94BC-336D119DC164}.Debug|Any CPU.Deploy.0 = Debug|Any CPU
		{C94C17D1-7837-4E51-94BC-336D119DC164}.Legacy|Any CPU.ActiveCfg = Legacy|Any CPU
		{C94C17D1-7837-4E51-94BC-336D119DC164}.Legacy|Any CPU.Build.0 = Legacy|Any CPU
		{C94C17D1-7837-4E51-94BC-336D119DC164}.Release|Any CPU.ActiveCfg = Release|Any CPU
		{C94C17D1-7837-4E51-94BC-336D119DC164}.Release|Any CPU.Build.0 = Release|Any CPU
		{C94C17D1-7837-4E51-94BC-336D119DC164}.Release|Any CPU.Deploy.0 = Release|Any CPU
		{33424C7B-661A-4C50-949C-75015B35B3B1}.Debug|Any CPU.ActiveCfg = Debug|Any CPU
		{33424C7B-661A-4C50-949C-75015B35B3B1}.Debug|Any CPU.Build.0 = Debug|Any CPU
		{33424C7B-661A-4C50-949C-75015B35B3B1}.Legacy|Any CPU.ActiveCfg = Release|Any CPU
		{33424C7B-661A-4C50-949C-75015B35B3B1}.Legacy|Any CPU.Build.0 = Release|Any CPU
		{33424C7B-661A-4C50-949C-75015B35B3B1}.Release|Any CPU.ActiveCfg = Release|Any CPU
		{33424C7B-661A-4C50-949C-75015B35B3B1}.Release|Any CPU.Build.0 = Release|Any CPU
		{E4D58DE4-25B5-4FC4-8D72-860BD5B9D4B7}.Debug|Any CPU.ActiveCfg = Debug|Any CPU
		{E4D58DE4-25B5-4FC4-8D72-860BD5B9D4B7}.Debug|Any CPU.Build.0 = Debug|Any CPU
		{E4D58DE4-25B5-4FC4-8D72-860BD5B9D4B7}.Legacy|Any CPU.ActiveCfg = Release|Any CPU
		{E4D58DE4-25B5-4FC4-8D72-860BD5B9D4B7}.Legacy|Any CPU.Build.0 = Release|Any CPU
		{E4D58DE4-25B5-4FC4-8D72-860BD5B9D4B7}.Release|Any CPU.ActiveCfg = Release|Any CPU
		{E4D58DE4-25B5-4FC4-8D72-860BD5B9D4B7}.Release|Any CPU.Build.0 = Release|Any CPU
		{4BEEC9E4-FFFC-48DD-9416-2F0FF0736890}.Debug|Any CPU.ActiveCfg = Debug|Any CPU
		{4BEEC9E4-FFFC-48DD-9416-2F0FF0736890}.Debug|Any CPU.Build.0 = Debug|Any CPU
		{4BEEC9E4-FFFC-48DD-9416-2F0FF0736890}.Legacy|Any CPU.ActiveCfg = Release|Any CPU
		{4BEEC9E4-FFFC-48DD-9416-2F0FF0736890}.Legacy|Any CPU.Build.0 = Release|Any CPU
		{4BEEC9E4-FFFC-48DD-9416-2F0FF0736890}.Release|Any CPU.ActiveCfg = Release|Any CPU
		{4BEEC9E4-FFFC-48DD-9416-2F0FF0736890}.Release|Any CPU.Build.0 = Release|Any CPU
		{43D19B66-8DBA-4B5A-80F3-2FD3B92C5628}.Debug|Any CPU.ActiveCfg = Debug|Any CPU
		{43D19B66-8DBA-4B5A-80F3-2FD3B92C5628}.Debug|Any CPU.Build.0 = Debug|Any CPU
		{43D19B66-8DBA-4B5A-80F3-2FD3B92C5628}.Legacy|Any CPU.ActiveCfg = Release|Any CPU
		{43D19B66-8DBA-4B5A-80F3-2FD3B92C5628}.Legacy|Any CPU.Build.0 = Release|Any CPU
		{43D19B66-8DBA-4B5A-80F3-2FD3B92C5628}.Release|Any CPU.ActiveCfg = Release|Any CPU
		{43D19B66-8DBA-4B5A-80F3-2FD3B92C5628}.Release|Any CPU.Build.0 = Release|Any CPU
		{00AE3E67-F599-4674-9BEE-261A027600F7}.Debug|Any CPU.ActiveCfg = Debug|Any CPU
		{00AE3E67-F599-4674-9BEE-261A027600F7}.Debug|Any CPU.Build.0 = Debug|Any CPU
		{00AE3E67-F599-4674-9BEE-261A027600F7}.Legacy|Any CPU.ActiveCfg = Release|Any CPU
		{00AE3E67-F599-4674-9BEE-261A027600F7}.Legacy|Any CPU.Build.0 = Release|Any CPU
		{00AE3E67-F599-4674-9BEE-261A027600F7}.Release|Any CPU.ActiveCfg = Release|Any CPU
		{00AE3E67-F599-4674-9BEE-261A027600F7}.Release|Any CPU.Build.0 = Release|Any CPU
		{A9AEA5E0-5272-4939-B610-69CE96C2B08F}.Debug|Any CPU.ActiveCfg = Debug|Any CPU
		{A9AEA5E0-5272-4939-B610-69CE96C2B08F}.Debug|Any CPU.Build.0 = Debug|Any CPU
		{A9AEA5E0-5272-4939-B610-69CE96C2B08F}.Legacy|Any CPU.ActiveCfg = Release|Any CPU
		{A9AEA5E0-5272-4939-B610-69CE96C2B08F}.Legacy|Any CPU.Build.0 = Release|Any CPU
		{A9AEA5E0-5272-4939-B610-69CE96C2B08F}.Release|Any CPU.ActiveCfg = Release|Any CPU
		{A9AEA5E0-5272-4939-B610-69CE96C2B08F}.Release|Any CPU.Build.0 = Release|Any CPU
		{73D6BED5-4A9E-4AE8-BEAD-1CF43EEF9BE1}.Debug|Any CPU.ActiveCfg = Debug|Any CPU
		{73D6BED5-4A9E-4AE8-BEAD-1CF43EEF9BE1}.Debug|Any CPU.Build.0 = Debug|Any CPU
		{73D6BED5-4A9E-4AE8-BEAD-1CF43EEF9BE1}.Legacy|Any CPU.ActiveCfg = Release|Any CPU
		{73D6BED5-4A9E-4AE8-BEAD-1CF43EEF9BE1}.Legacy|Any CPU.Build.0 = Release|Any CPU
		{73D6BED5-4A9E-4AE8-BEAD-1CF43EEF9BE1}.Release|Any CPU.ActiveCfg = Release|Any CPU
		{73D6BED5-4A9E-4AE8-BEAD-1CF43EEF9BE1}.Release|Any CPU.Build.0 = Release|Any CPU
		{F0253C27-E167-419B-994E-CEA20608CA01}.Debug|Any CPU.ActiveCfg = Debug|Any CPU
		{F0253C27-E167-419B-994E-CEA20608CA01}.Debug|Any CPU.Build.0 = Debug|Any CPU
		{F0253C27-E167-419B-994E-CEA20608CA01}.Legacy|Any CPU.ActiveCfg = Release|Any CPU
		{F0253C27-E167-419B-994E-CEA20608CA01}.Legacy|Any CPU.Build.0 = Release|Any CPU
		{F0253C27-E167-419B-994E-CEA20608CA01}.Release|Any CPU.ActiveCfg = Release|Any CPU
		{F0253C27-E167-419B-994E-CEA20608CA01}.Release|Any CPU.Build.0 = Release|Any CPU
		{F18B555B-B06F-446E-9FB9-4671A614F7B4}.Debug|Any CPU.ActiveCfg = Debug|Any CPU
		{F18B555B-B06F-446E-9FB9-4671A614F7B4}.Debug|Any CPU.Build.0 = Debug|Any CPU
		{F18B555B-B06F-446E-9FB9-4671A614F7B4}.Legacy|Any CPU.ActiveCfg = Release|Any CPU
		{F18B555B-B06F-446E-9FB9-4671A614F7B4}.Legacy|Any CPU.Build.0 = Release|Any CPU
		{F18B555B-B06F-446E-9FB9-4671A614F7B4}.Release|Any CPU.ActiveCfg = Release|Any CPU
		{F18B555B-B06F-446E-9FB9-4671A614F7B4}.Release|Any CPU.Build.0 = Release|Any CPU
		{1087653E-18DA-467C-9071-073332B8B76B}.Debug|Any CPU.ActiveCfg = Debug|Any CPU
		{1087653E-18DA-467C-9071-073332B8B76B}.Debug|Any CPU.Build.0 = Debug|Any CPU
		{1087653E-18DA-467C-9071-073332B8B76B}.Legacy|Any CPU.ActiveCfg = Release|Any CPU
		{1087653E-18DA-467C-9071-073332B8B76B}.Legacy|Any CPU.Build.0 = Release|Any CPU
		{1087653E-18DA-467C-9071-073332B8B76B}.Release|Any CPU.ActiveCfg = Release|Any CPU
		{1087653E-18DA-467C-9071-073332B8B76B}.Release|Any CPU.Build.0 = Release|Any CPU
		{015496DA-627F-4C56-9309-460AC8D2BEDB}.Debug|Any CPU.ActiveCfg = Debug|Any CPU
		{015496DA-627F-4C56-9309-460AC8D2BEDB}.Debug|Any CPU.Build.0 = Debug|Any CPU
		{015496DA-627F-4C56-9309-460AC8D2BEDB}.Legacy|Any CPU.ActiveCfg = Release|Any CPU
		{015496DA-627F-4C56-9309-460AC8D2BEDB}.Legacy|Any CPU.Build.0 = Release|Any CPU
		{015496DA-627F-4C56-9309-460AC8D2BEDB}.Release|Any CPU.ActiveCfg = Release|Any CPU
		{015496DA-627F-4C56-9309-460AC8D2BEDB}.Release|Any CPU.Build.0 = Release|Any CPU
		{8756BA52-B20D-4A74-A700-F07CAF7B8F4C}.Debug|Any CPU.ActiveCfg = Debug|Any CPU
		{8756BA52-B20D-4A74-A700-F07CAF7B8F4C}.Debug|Any CPU.Build.0 = Debug|Any CPU
		{8756BA52-B20D-4A74-A700-F07CAF7B8F4C}.Legacy|Any CPU.ActiveCfg = Release|Any CPU
		{8756BA52-B20D-4A74-A700-F07CAF7B8F4C}.Legacy|Any CPU.Build.0 = Release|Any CPU
		{8756BA52-B20D-4A74-A700-F07CAF7B8F4C}.Release|Any CPU.ActiveCfg = Release|Any CPU
		{8756BA52-B20D-4A74-A700-F07CAF7B8F4C}.Release|Any CPU.Build.0 = Release|Any CPU
		{8D9A8067-486E-468D-BF6C-A44E695B0F90}.Debug|Any CPU.ActiveCfg = Debug|Any CPU
		{8D9A8067-486E-468D-BF6C-A44E695B0F90}.Debug|Any CPU.Build.0 = Debug|Any CPU
		{8D9A8067-486E-468D-BF6C-A44E695B0F90}.Legacy|Any CPU.ActiveCfg = Release|Any CPU
		{8D9A8067-486E-468D-BF6C-A44E695B0F90}.Legacy|Any CPU.Build.0 = Release|Any CPU
		{8D9A8067-486E-468D-BF6C-A44E695B0F90}.Release|Any CPU.ActiveCfg = Release|Any CPU
		{8D9A8067-486E-468D-BF6C-A44E695B0F90}.Release|Any CPU.Build.0 = Release|Any CPU
		{37E44AC7-A426-4411-BDF6-F45C1DF012B2}.Debug|Any CPU.ActiveCfg = Debug|Any CPU
		{37E44AC7-A426-4411-BDF6-F45C1DF012B2}.Debug|Any CPU.Build.0 = Debug|Any CPU
		{37E44AC7-A426-4411-BDF6-F45C1DF012B2}.Legacy|Any CPU.ActiveCfg = Release|Any CPU
		{37E44AC7-A426-4411-BDF6-F45C1DF012B2}.Legacy|Any CPU.Build.0 = Release|Any CPU
		{37E44AC7-A426-4411-BDF6-F45C1DF012B2}.Release|Any CPU.ActiveCfg = Release|Any CPU
		{37E44AC7-A426-4411-BDF6-F45C1DF012B2}.Release|Any CPU.Build.0 = Release|Any CPU
		{A646FF3F-C530-4BDD-B9AF-CC86F875CEB3}.Debug|Any CPU.ActiveCfg = Debug|Any CPU
		{A646FF3F-C530-4BDD-B9AF-CC86F875CEB3}.Debug|Any CPU.Build.0 = Debug|Any CPU
		{A646FF3F-C530-4BDD-B9AF-CC86F875CEB3}.Legacy|Any CPU.ActiveCfg = Release|Any CPU
		{A646FF3F-C530-4BDD-B9AF-CC86F875CEB3}.Legacy|Any CPU.Build.0 = Release|Any CPU
		{A646FF3F-C530-4BDD-B9AF-CC86F875CEB3}.Release|Any CPU.ActiveCfg = Release|Any CPU
		{A646FF3F-C530-4BDD-B9AF-CC86F875CEB3}.Release|Any CPU.Build.0 = Release|Any CPU
	EndGlobalSection
	GlobalSection(SolutionProperties) = preSolution
		HideSolutionNode = FALSE
	EndGlobalSection
	GlobalSection(NestedProjects) = preSolution
		{BE45AC61-FA51-431A-AC8A-C1B16D73F276} = {50484533-C2FF-4C4F-B71C-3BFCFA1DAC59}
		{886A3CDF-FD6E-4D0E-8D05-8884DC11D877} = {50484533-C2FF-4C4F-B71C-3BFCFA1DAC59}
		{C94C17D1-7837-4E51-94BC-336D119DC164} = {50484533-C2FF-4C4F-B71C-3BFCFA1DAC59}
		{E4D58DE4-25B5-4FC4-8D72-860BD5B9D4B7} = {50484533-C2FF-4C4F-B71C-3BFCFA1DAC59}
		{00AE3E67-F599-4674-9BEE-261A027600F7} = {50484533-C2FF-4C4F-B71C-3BFCFA1DAC59}
		{73D6BED5-4A9E-4AE8-BEAD-1CF43EEF9BE1} = {50484533-C2FF-4C4F-B71C-3BFCFA1DAC59}
		{1087653E-18DA-467C-9071-073332B8B76B} = {50484533-C2FF-4C4F-B71C-3BFCFA1DAC59}
		{8D9A8067-486E-468D-BF6C-A44E695B0F90} = {50484533-C2FF-4C4F-B71C-3BFCFA1DAC59}
		{A646FF3F-C530-4BDD-B9AF-CC86F875CEB3} = {50484533-C2FF-4C4F-B71C-3BFCFA1DAC59}
		{75A64B8F-D90D-42AF-AB17-96B35C4DF788} = {50484533-C2FF-4C4F-B71C-3BFCFA1DAC59}
		{ED86A10A-9D11-4DCB-9D72-196C8732D3B2} = {50484533-C2FF-4C4F-B71C-3BFCFA1DAC59}
		{884F964B-0730-4A36-AEAC-6E4034070C8C} = {50484533-C2FF-4C4F-B71C-3BFCFA1DAC59}
	EndGlobalSection
	GlobalSection(ExtensibilityGlobals) = postSolution
		SolutionGuid = {8C6EAB8C-1186-4EFB-BEC1-3597B32E3F4C}
	EndGlobalSection
EndGlobal
